// !$*UTF8*$!
{
	archiveVersion = 1;
	classes = {
	};
	objectVersion = 50;
	objects = {

/* Begin PBXBuildFile section */
		CA2239BE24A7C49000798197 /* ListView.swift in Sources */ = {isa = PBXBuildFile; fileRef = CA2239BD24A7C49000798197 /* ListView.swift */; };
		CA39F95E24B80CBB00EA4E90 /* ActorView.swift in Sources */ = {isa = PBXBuildFile; fileRef = CA39F95D24B80CBB00EA4E90 /* ActorView.swift */; };
		CA39F96024B812D400EA4E90 /* TempMovies.swift in Sources */ = {isa = PBXBuildFile; fileRef = CA39F95F24B812D400EA4E90 /* TempMovies.swift */; };
		CA3D64B424A14F56008C0ADE /* SearchBarView.swift in Sources */ = {isa = PBXBuildFile; fileRef = CA3D64B324A14F56008C0ADE /* SearchBarView.swift */; };
		CA4079C024B0E9D200D5ABD3 /* BackNavBarView.swift in Sources */ = {isa = PBXBuildFile; fileRef = CA4079BF24B0E9D200D5ABD3 /* BackNavBarView.swift */; };
		CA4079C424B0FCB700D5ABD3 /* ActorCardView.swift in Sources */ = {isa = PBXBuildFile; fileRef = CA4079C324B0FCB700D5ABD3 /* ActorCardView.swift */; };
		CA5DB591249DAB32007381FB /* AppDelegate.swift in Sources */ = {isa = PBXBuildFile; fileRef = CA5DB590249DAB32007381FB /* AppDelegate.swift */; };
		CA5DB593249DAB32007381FB /* SceneDelegate.swift in Sources */ = {isa = PBXBuildFile; fileRef = CA5DB592249DAB32007381FB /* SceneDelegate.swift */; };
		CA5DB596249DAB32007381FB /* Movies.xcdatamodeld in Sources */ = {isa = PBXBuildFile; fileRef = CA5DB594249DAB32007381FB /* Movies.xcdatamodeld */; };
		CA5DB598249DAB32007381FB /* ContentView.swift in Sources */ = {isa = PBXBuildFile; fileRef = CA5DB597249DAB32007381FB /* ContentView.swift */; };
		CA5DB59A249DAB34007381FB /* Assets.xcassets in Resources */ = {isa = PBXBuildFile; fileRef = CA5DB599249DAB34007381FB /* Assets.xcassets */; };
		CA5DB59D249DAB34007381FB /* Preview Assets.xcassets in Resources */ = {isa = PBXBuildFile; fileRef = CA5DB59C249DAB34007381FB /* Preview Assets.xcassets */; };
		CA5DB5A0249DAB34007381FB /* LaunchScreen.storyboard in Resources */ = {isa = PBXBuildFile; fileRef = CA5DB59E249DAB34007381FB /* LaunchScreen.storyboard */; };
		CA5DB5AD249DAD4C007381FB /* MoviesView.swift in Sources */ = {isa = PBXBuildFile; fileRef = CA5DB5AC249DAD4C007381FB /* MoviesView.swift */; };
		CA5DB5AF249DAD84007381FB /* TabBar.swift in Sources */ = {isa = PBXBuildFile; fileRef = CA5DB5AE249DAD84007381FB /* TabBar.swift */; };
		CA5DB5B1249DB86C007381FB /* HotView.swift in Sources */ = {isa = PBXBuildFile; fileRef = CA5DB5B0249DB86C007381FB /* HotView.swift */; };
		CA8FF62B24AE2D83009C0E76 /* MovieView.swift in Sources */ = {isa = PBXBuildFile; fileRef = CA8FF62A24AE2D83009C0E76 /* MovieView.swift */; };
		CAC0302A249EA8D500889AC0 /* SectionView.swift in Sources */ = {isa = PBXBuildFile; fileRef = CAC03029249EA8D500889AC0 /* SectionView.swift */; };
		CAC0302C249EACD500889AC0 /* MovieCardView.swift in Sources */ = {isa = PBXBuildFile; fileRef = CAC0302B249EACD500889AC0 /* MovieCardView.swift */; };
		CADEB3B6249EE02E001269AB /* MoreCardView.swift in Sources */ = {isa = PBXBuildFile; fileRef = CADEB3B5249EE02E001269AB /* MoreCardView.swift */; };
		CADEB3B8249EEE92001269AB /* NavBarView.swift in Sources */ = {isa = PBXBuildFile; fileRef = CADEB3B7249EEE92001269AB /* NavBarView.swift */; };
		CAE8567C249ECE3800E7B9F8 /* Info.swift in Sources */ = {isa = PBXBuildFile; fileRef = CAE8567B249ECE3800E7B9F8 /* Info.swift */; };
		CAE8567E249ED09200E7B9F8 /* SectionLargeView.swift in Sources */ = {isa = PBXBuildFile; fileRef = CAE8567D249ED09200E7B9F8 /* SectionLargeView.swift */; };
/* End PBXBuildFile section */

/* Begin PBXFileReference section */
		CA2239BD24A7C49000798197 /* ListView.swift */ = {isa = PBXFileReference; lastKnownFileType = sourcecode.swift; path = ListView.swift; sourceTree = "<group>"; };
		CA39F95D24B80CBB00EA4E90 /* ActorView.swift */ = {isa = PBXFileReference; lastKnownFileType = sourcecode.swift; path = ActorView.swift; sourceTree = "<group>"; };
		CA39F95F24B812D400EA4E90 /* TempMovies.swift */ = {isa = PBXFileReference; lastKnownFileType = sourcecode.swift; path = TempMovies.swift; sourceTree = "<group>"; };
		CA3D64B324A14F56008C0ADE /* SearchBarView.swift */ = {isa = PBXFileReference; lastKnownFileType = sourcecode.swift; path = SearchBarView.swift; sourceTree = "<group>"; };
		CA4079BF24B0E9D200D5ABD3 /* BackNavBarView.swift */ = {isa = PBXFileReference; lastKnownFileType = sourcecode.swift; path = BackNavBarView.swift; sourceTree = "<group>"; };
		CA4079C324B0FCB700D5ABD3 /* ActorCardView.swift */ = {isa = PBXFileReference; lastKnownFileType = sourcecode.swift; path = ActorCardView.swift; sourceTree = "<group>"; };
		CA5DB58D249DAB32007381FB /* Movies.app */ = {isa = PBXFileReference; explicitFileType = wrapper.application; includeInIndex = 0; path = Movies.app; sourceTree = BUILT_PRODUCTS_DIR; };
		CA5DB590249DAB32007381FB /* AppDelegate.swift */ = {isa = PBXFileReference; lastKnownFileType = sourcecode.swift; path = AppDelegate.swift; sourceTree = "<group>"; };
		CA5DB592249DAB32007381FB /* SceneDelegate.swift */ = {isa = PBXFileReference; lastKnownFileType = sourcecode.swift; path = SceneDelegate.swift; sourceTree = "<group>"; };
		CA5DB595249DAB32007381FB /* Movies.xcdatamodel */ = {isa = PBXFileReference; lastKnownFileType = wrapper.xcdatamodel; path = Movies.xcdatamodel; sourceTree = "<group>"; };
		CA5DB597249DAB32007381FB /* ContentView.swift */ = {isa = PBXFileReference; lastKnownFileType = sourcecode.swift; path = ContentView.swift; sourceTree = "<group>"; };
		CA5DB599249DAB34007381FB /* Assets.xcassets */ = {isa = PBXFileReference; lastKnownFileType = folder.assetcatalog; path = Assets.xcassets; sourceTree = "<group>"; };
		CA5DB59C249DAB34007381FB /* Preview Assets.xcassets */ = {isa = PBXFileReference; lastKnownFileType = folder.assetcatalog; path = "Preview Assets.xcassets"; sourceTree = "<group>"; };
		CA5DB59F249DAB34007381FB /* Base */ = {isa = PBXFileReference; lastKnownFileType = file.storyboard; name = Base; path = Base.lproj/LaunchScreen.storyboard; sourceTree = "<group>"; };
		CA5DB5A1249DAB34007381FB /* Info.plist */ = {isa = PBXFileReference; lastKnownFileType = text.plist.xml; path = Info.plist; sourceTree = "<group>"; };
		CA5DB5AC249DAD4C007381FB /* MoviesView.swift */ = {isa = PBXFileReference; lastKnownFileType = sourcecode.swift; path = MoviesView.swift; sourceTree = "<group>"; };
		CA5DB5AE249DAD84007381FB /* TabBar.swift */ = {isa = PBXFileReference; lastKnownFileType = sourcecode.swift; path = TabBar.swift; sourceTree = "<group>"; };
		CA5DB5B0249DB86C007381FB /* HotView.swift */ = {isa = PBXFileReference; lastKnownFileType = sourcecode.swift; path = HotView.swift; sourceTree = "<group>"; };
		CA8FF62A24AE2D83009C0E76 /* MovieView.swift */ = {isa = PBXFileReference; lastKnownFileType = sourcecode.swift; path = MovieView.swift; sourceTree = "<group>"; };
		CAC03029249EA8D500889AC0 /* SectionView.swift */ = {isa = PBXFileReference; lastKnownFileType = sourcecode.swift; path = SectionView.swift; sourceTree = "<group>"; };
		CAC0302B249EACD500889AC0 /* MovieCardView.swift */ = {isa = PBXFileReference; lastKnownFileType = sourcecode.swift; path = MovieCardView.swift; sourceTree = "<group>"; };
		CADEB3B5249EE02E001269AB /* MoreCardView.swift */ = {isa = PBXFileReference; lastKnownFileType = sourcecode.swift; path = MoreCardView.swift; sourceTree = "<group>"; };
		CADEB3B7249EEE92001269AB /* NavBarView.swift */ = {isa = PBXFileReference; lastKnownFileType = sourcecode.swift; path = NavBarView.swift; sourceTree = "<group>"; };
		CAE8567B249ECE3800E7B9F8 /* Info.swift */ = {isa = PBXFileReference; lastKnownFileType = sourcecode.swift; path = Info.swift; sourceTree = "<group>"; };
		CAE8567D249ED09200E7B9F8 /* SectionLargeView.swift */ = {isa = PBXFileReference; lastKnownFileType = sourcecode.swift; path = SectionLargeView.swift; sourceTree = "<group>"; };
/* End PBXFileReference section */

/* Begin PBXFrameworksBuildPhase section */
		CA5DB58A249DAB32007381FB /* Frameworks */ = {
			isa = PBXFrameworksBuildPhase;
			buildActionMask = 2147483647;
			files = (
			);
			runOnlyForDeploymentPostprocessing = 0;
		};
/* End PBXFrameworksBuildPhase section */

/* Begin PBXGroup section */
		CA5DB584249DAB32007381FB = {
			isa = PBXGroup;
			children = (
				CA5DB58F249DAB32007381FB /* Movies */,
				CA5DB58E249DAB32007381FB /* Products */,
			);
			sourceTree = "<group>";
		};
		CA5DB58E249DAB32007381FB /* Products */ = {
			isa = PBXGroup;
			children = (
				CA5DB58D249DAB32007381FB /* Movies.app */,
			);
			name = Products;
			sourceTree = "<group>";
		};
		CA5DB58F249DAB32007381FB /* Movies */ = {
			isa = PBXGroup;
			children = (
				CA5DB5A8249DACF3007381FB /* Model */,
				CA5DB5A7249DACD9007381FB /* View */,
				CA5DB5A9249DACFA007381FB /* Controller */,
				CA5DB590249DAB32007381FB /* AppDelegate.swift */,
				CA5DB592249DAB32007381FB /* SceneDelegate.swift */,
				CA5DB599249DAB34007381FB /* Assets.xcassets */,
				CA5DB59E249DAB34007381FB /* LaunchScreen.storyboard */,
				CA5DB5A1249DAB34007381FB /* Info.plist */,
				CA5DB594249DAB32007381FB /* Movies.xcdatamodeld */,
				CA5DB59B249DAB34007381FB /* Preview Content */,
			);
			path = Movies;
			sourceTree = "<group>";
		};
		CA5DB59B249DAB34007381FB /* Preview Content */ = {
			isa = PBXGroup;
			children = (
				CA5DB59C249DAB34007381FB /* Preview Assets.xcassets */,
			);
			path = "Preview Content";
			sourceTree = "<group>";
		};
		CA5DB5A7249DACD9007381FB /* View */ = {
			isa = PBXGroup;
			children = (
				CA5DB5AB249DAD1C007381FB /* Components */,
				CA5DB5AA249DAD0B007381FB /* Screens */,
				CA5DB597249DAB32007381FB /* ContentView.swift */,
			);
			path = View;
			sourceTree = "<group>";
		};
		CA5DB5A8249DACF3007381FB /* Model */ = {
			isa = PBXGroup;
			children = (
				CAE8567B249ECE3800E7B9F8 /* Info.swift */,
				CA39F95F24B812D400EA4E90 /* TempMovies.swift */,
			);
			path = Model;
			sourceTree = "<group>";
		};
		CA5DB5A9249DACFA007381FB /* Controller */ = {
			isa = PBXGroup;
			children = (
			);
			path = Controller;
			sourceTree = "<group>";
		};
		CA5DB5AA249DAD0B007381FB /* Screens */ = {
			isa = PBXGroup;
			children = (
				CA5DB5AC249DAD4C007381FB /* MoviesView.swift */,
				CA2239BD24A7C49000798197 /* ListView.swift */,
				CA8FF62A24AE2D83009C0E76 /* MovieView.swift */,
				CA39F95D24B80CBB00EA4E90 /* ActorView.swift */,
			);
			path = Screens;
			sourceTree = "<group>";
		};
		CA5DB5AB249DAD1C007381FB /* Components */ = {
			isa = PBXGroup;
			children = (
				CA5DB5AE249DAD84007381FB /* TabBar.swift */,
				CA5DB5B0249DB86C007381FB /* HotView.swift */,
				CAC03029249EA8D500889AC0 /* SectionView.swift */,
				CAC0302B249EACD500889AC0 /* MovieCardView.swift */,
				CAE8567D249ED09200E7B9F8 /* SectionLargeView.swift */,
				CADEB3B5249EE02E001269AB /* MoreCardView.swift */,
				CADEB3B7249EEE92001269AB /* NavBarView.swift */,
				CA3D64B324A14F56008C0ADE /* SearchBarView.swift */,
				CA4079BF24B0E9D200D5ABD3 /* BackNavBarView.swift */,
				CA4079C324B0FCB700D5ABD3 /* ActorCardView.swift */,
			);
			path = Components;
			sourceTree = "<group>";
		};
/* End PBXGroup section */

/* Begin PBXNativeTarget section */
		CA5DB58C249DAB32007381FB /* Movies */ = {
			isa = PBXNativeTarget;
			buildConfigurationList = CA5DB5A4249DAB34007381FB /* Build configuration list for PBXNativeTarget "Movies" */;
			buildPhases = (
				CA5DB589249DAB32007381FB /* Sources */,
				CA5DB58A249DAB32007381FB /* Frameworks */,
				CA5DB58B249DAB32007381FB /* Resources */,
			);
			buildRules = (
			);
			dependencies = (
			);
			name = Movies;
			productName = Movies;
			productReference = CA5DB58D249DAB32007381FB /* Movies.app */;
			productType = "com.apple.product-type.application";
		};
/* End PBXNativeTarget section */

/* Begin PBXProject section */
		CA5DB585249DAB32007381FB /* Project object */ = {
			isa = PBXProject;
			attributes = {
				LastSwiftUpdateCheck = 1150;
				LastUpgradeCheck = 1150;
				ORGANIZATIONNAME = "Jem Alvarez";
				TargetAttributes = {
					CA5DB58C249DAB32007381FB = {
						CreatedOnToolsVersion = 11.5;
					};
				};
			};
			buildConfigurationList = CA5DB588249DAB32007381FB /* Build configuration list for PBXProject "Movies" */;
			compatibilityVersion = "Xcode 9.3";
			developmentRegion = en;
			hasScannedForEncodings = 0;
			knownRegions = (
				en,
				Base,
			);
			mainGroup = CA5DB584249DAB32007381FB;
			productRefGroup = CA5DB58E249DAB32007381FB /* Products */;
			projectDirPath = "";
			projectRoot = "";
			targets = (
				CA5DB58C249DAB32007381FB /* Movies */,
			);
		};
/* End PBXProject section */

/* Begin PBXResourcesBuildPhase section */
		CA5DB58B249DAB32007381FB /* Resources */ = {
			isa = PBXResourcesBuildPhase;
			buildActionMask = 2147483647;
			files = (
				CA5DB5A0249DAB34007381FB /* LaunchScreen.storyboard in Resources */,
				CA5DB59D249DAB34007381FB /* Preview Assets.xcassets in Resources */,
				CA5DB59A249DAB34007381FB /* Assets.xcassets in Resources */,
			);
			runOnlyForDeploymentPostprocessing = 0;
		};
/* End PBXResourcesBuildPhase section */

/* Begin PBXSourcesBuildPhase section */
		CA5DB589249DAB32007381FB /* Sources */ = {
			isa = PBXSourcesBuildPhase;
			buildActionMask = 2147483647;
			files = (
				CA5DB5AD249DAD4C007381FB /* MoviesView.swift in Sources */,
				CA5DB591249DAB32007381FB /* AppDelegate.swift in Sources */,
				CA5DB596249DAB32007381FB /* Movies.xcdatamodeld in Sources */,
				CA4079C024B0E9D200D5ABD3 /* BackNavBarView.swift in Sources */,
				CAE8567C249ECE3800E7B9F8 /* Info.swift in Sources */,
				CA5DB5B1249DB86C007381FB /* HotView.swift in Sources */,
				CA8FF62B24AE2D83009C0E76 /* MovieView.swift in Sources */,
				CADEB3B6249EE02E001269AB /* MoreCardView.swift in Sources */,
				CA2239BE24A7C49000798197 /* ListView.swift in Sources */,
				CAC0302C249EACD500889AC0 /* MovieCardView.swift in Sources */,
				CA5DB5AF249DAD84007381FB /* TabBar.swift in Sources */,
				CAC0302A249EA8D500889AC0 /* SectionView.swift in Sources */,
				CADEB3B8249EEE92001269AB /* NavBarView.swift in Sources */,
				CA3D64B424A14F56008C0ADE /* SearchBarView.swift in Sources */,
				CA39F95E24B80CBB00EA4E90 /* ActorView.swift in Sources */,
				CA5DB598249DAB32007381FB /* ContentView.swift in Sources */,
				CAE8567E249ED09200E7B9F8 /* SectionLargeView.swift in Sources */,
				CA4079C424B0FCB700D5ABD3 /* ActorCardView.swift in Sources */,
				CA5DB593249DAB32007381FB /* SceneDelegate.swift in Sources */,
				CA39F96024B812D400EA4E90 /* TempMovies.swift in Sources */,
			);
			runOnlyForDeploymentPostprocessing = 0;
		};
/* End PBXSourcesBuildPhase section */

/* Begin PBXVariantGroup section */
		CA5DB59E249DAB34007381FB /* LaunchScreen.storyboard */ = {
			isa = PBXVariantGroup;
			children = (
				CA5DB59F249DAB34007381FB /* Base */,
			);
			name = LaunchScreen.storyboard;
			sourceTree = "<group>";
		};
/* End PBXVariantGroup section */

/* Begin XCBuildConfiguration section */
		CA5DB5A2249DAB34007381FB /* Debug */ = {
			isa = XCBuildConfiguration;
			buildSettings = {
				ALWAYS_SEARCH_USER_PATHS = NO;
				CLANG_ANALYZER_NONNULL = YES;
				CLANG_ANALYZER_NUMBER_OBJECT_CONVERSION = YES_AGGRESSIVE;
				CLANG_CXX_LANGUAGE_STANDARD = "gnu++14";
				CLANG_CXX_LIBRARY = "libc++";
				CLANG_ENABLE_MODULES = YES;
				CLANG_ENABLE_OBJC_ARC = YES;
				CLANG_ENABLE_OBJC_WEAK = YES;
				CLANG_WARN_BLOCK_CAPTURE_AUTORELEASING = YES;
				CLANG_WARN_BOOL_CONVERSION = YES;
				CLANG_WARN_COMMA = YES;
				CLANG_WARN_CONSTANT_CONVERSION = YES;
				CLANG_WARN_DEPRECATED_OBJC_IMPLEMENTATIONS = YES;
				CLANG_WARN_DIRECT_OBJC_ISA_USAGE = YES_ERROR;
				CLANG_WARN_DOCUMENTATION_COMMENTS = YES;
				CLANG_WARN_EMPTY_BODY = YES;
				CLANG_WARN_ENUM_CONVERSION = YES;
				CLANG_WARN_INFINITE_RECURSION = YES;
				CLANG_WARN_INT_CONVERSION = YES;
				CLANG_WARN_NON_LITERAL_NULL_CONVERSION = YES;
				CLANG_WARN_OBJC_IMPLICIT_RETAIN_SELF = YES;
				CLANG_WARN_OBJC_LITERAL_CONVERSION = YES;
				CLANG_WARN_OBJC_ROOT_CLASS = YES_ERROR;
				CLANG_WARN_RANGE_LOOP_ANALYSIS = YES;
				CLANG_WARN_STRICT_PROTOTYPES = YES;
				CLANG_WARN_SUSPICIOUS_MOVE = YES;
				CLANG_WARN_UNGUARDED_AVAILABILITY = YES_AGGRESSIVE;
				CLANG_WARN_UNREACHABLE_CODE = YES;
				CLANG_WARN__DUPLICATE_METHOD_MATCH = YES;
				COPY_PHASE_STRIP = NO;
				DEBUG_INFORMATION_FORMAT = dwarf;
				ENABLE_STRICT_OBJC_MSGSEND = YES;
				ENABLE_TESTABILITY = YES;
				GCC_C_LANGUAGE_STANDARD = gnu11;
				GCC_DYNAMIC_NO_PIC = NO;
				GCC_NO_COMMON_BLOCKS = YES;
				GCC_OPTIMIZATION_LEVEL = 0;
				GCC_PREPROCESSOR_DEFINITIONS = (
					"DEBUG=1",
					"$(inherited)",
				);
				GCC_WARN_64_TO_32_BIT_CONVERSION = YES;
				GCC_WARN_ABOUT_RETURN_TYPE = YES_ERROR;
				GCC_WARN_UNDECLARED_SELECTOR = YES;
				GCC_WARN_UNINITIALIZED_AUTOS = YES_AGGRESSIVE;
				GCC_WARN_UNUSED_FUNCTION = YES;
				GCC_WARN_UNUSED_VARIABLE = YES;
				IPHONEOS_DEPLOYMENT_TARGET = 13.5;
				MTL_ENABLE_DEBUG_INFO = INCLUDE_SOURCE;
				MTL_FAST_MATH = YES;
				ONLY_ACTIVE_ARCH = YES;
				SDKROOT = iphoneos;
				SWIFT_ACTIVE_COMPILATION_CONDITIONS = DEBUG;
				SWIFT_OPTIMIZATION_LEVEL = "-Onone";
			};
			name = Debug;
		};
		CA5DB5A3249DAB34007381FB /* Release */ = {
			isa = XCBuildConfiguration;
			buildSettings = {
				ALWAYS_SEARCH_USER_PATHS = NO;
				CLANG_ANALYZER_NONNULL = YES;
				CLANG_ANALYZER_NUMBER_OBJECT_CONVERSION = YES_AGGRESSIVE;
				CLANG_CXX_LANGUAGE_STANDARD = "gnu++14";
				CLANG_CXX_LIBRARY = "libc++";
				CLANG_ENABLE_MODULES = YES;
				CLANG_ENABLE_OBJC_ARC = YES;
				CLANG_ENABLE_OBJC_WEAK = YES;
				CLANG_WARN_BLOCK_CAPTURE_AUTORELEASING = YES;
				CLANG_WARN_BOOL_CONVERSION = YES;
				CLANG_WARN_COMMA = YES;
				CLANG_WARN_CONSTANT_CONVERSION = YES;
				CLANG_WARN_DEPRECATED_OBJC_IMPLEMENTATIONS = YES;
				CLANG_WARN_DIRECT_OBJC_ISA_USAGE = YES_ERROR;
				CLANG_WARN_DOCUMENTATION_COMMENTS = YES;
				CLANG_WARN_EMPTY_BODY = YES;
				CLANG_WARN_ENUM_CONVERSION = YES;
				CLANG_WARN_INFINITE_RECURSION = YES;
				CLANG_WARN_INT_CONVERSION = YES;
				CLANG_WARN_NON_LITERAL_NULL_CONVERSION = YES;
				CLANG_WARN_OBJC_IMPLICIT_RETAIN_SELF = YES;
				CLANG_WARN_OBJC_LITERAL_CONVERSION = YES;
				CLANG_WARN_OBJC_ROOT_CLASS = YES_ERROR;
				CLANG_WARN_RANGE_LOOP_ANALYSIS = YES;
				CLANG_WARN_STRICT_PROTOTYPES = YES;
				CLANG_WARN_SUSPICIOUS_MOVE = YES;
				CLANG_WARN_UNGUARDED_AVAILABILITY = YES_AGGRESSIVE;
				CLANG_WARN_UNREACHABLE_CODE = YES;
				CLANG_WARN__DUPLICATE_METHOD_MATCH = YES;
				COPY_PHASE_STRIP = NO;
				DEBUG_INFORMATION_FORMAT = "dwarf-with-dsym";
				ENABLE_NS_ASSERTIONS = NO;
				ENABLE_STRICT_OBJC_MSGSEND = YES;
				GCC_C_LANGUAGE_STANDARD = gnu11;
				GCC_NO_COMMON_BLOCKS = YES;
				GCC_WARN_64_TO_32_BIT_CONVERSION = YES;
				GCC_WARN_ABOUT_RETURN_TYPE = YES_ERROR;
				GCC_WARN_UNDECLARED_SELECTOR = YES;
				GCC_WARN_UNINITIALIZED_AUTOS = YES_AGGRESSIVE;
				GCC_WARN_UNUSED_FUNCTION = YES;
				GCC_WARN_UNUSED_VARIABLE = YES;
				IPHONEOS_DEPLOYMENT_TARGET = 13.5;
				MTL_ENABLE_DEBUG_INFO = NO;
				MTL_FAST_MATH = YES;
				SDKROOT = iphoneos;
				SWIFT_COMPILATION_MODE = wholemodule;
				SWIFT_OPTIMIZATION_LEVEL = "-O";
				VALIDATE_PRODUCT = YES;
			};
			name = Release;
		};
		CA5DB5A5249DAB34007381FB /* Debug */ = {
			isa = XCBuildConfiguration;
			buildSettings = {
				ASSETCATALOG_COMPILER_APPICON_NAME = AppIcon;
				CODE_SIGN_STYLE = Automatic;
				DEVELOPMENT_ASSET_PATHS = "\"Movies/Preview Content\"";
				DEVELOPMENT_TEAM = HB3E67YK35;
				ENABLE_PREVIEWS = YES;
				INFOPLIST_FILE = Movies/Info.plist;
				IPHONEOS_DEPLOYMENT_TARGET = 13.0;
				LD_RUNPATH_SEARCH_PATHS = (
					"$(inherited)",
					"@executable_path/Frameworks",
				);
				PRODUCT_BUNDLE_IDENTIFIER = com.jemalvarez.Movies;
				PRODUCT_NAME = "$(TARGET_NAME)";
				SWIFT_VERSION = 5.0;
				TARGETED_DEVICE_FAMILY = "1,2";
			};
			name = Debug;
		};
		CA5DB5A6249DAB34007381FB /* Release */ = {
			isa = XCBuildConfiguration;
			buildSettings = {
				ASSETCATALOG_COMPILER_APPICON_NAME = AppIcon;
				CODE_SIGN_STYLE = Automatic;
				DEVELOPMENT_ASSET_PATHS = "\"Movies/Preview Content\"";
				DEVELOPMENT_TEAM = HB3E67YK35;
				ENABLE_PREVIEWS = YES;
				INFOPLIST_FILE = Movies/Info.plist;
				IPHONEOS_DEPLOYMENT_TARGET = 13.0;
				LD_RUNPATH_SEARCH_PATHS = (
					"$(inherited)",
					"@executable_path/Frameworks",
				);
				PRODUCT_BUNDLE_IDENTIFIER = com.jemalvarez.Movies;
				PRODUCT_NAME = "$(TARGET_NAME)";
				SWIFT_VERSION = 5.0;
				TARGETED_DEVICE_FAMILY = "1,2";
			};
			name = Release;
		};
/* End XCBuildConfiguration section */

/* Begin XCConfigurationList section */
		CA5DB588249DAB32007381FB /* Build configuration list for PBXProject "Movies" */ = {
			isa = XCConfigurationList;
			buildConfigurations = (
				CA5DB5A2249DAB34007381FB /* Debug */,
				CA5DB5A3249DAB34007381FB /* Release */,
			);
			defaultConfigurationIsVisible = 0;
			defaultConfigurationName = Release;
		};
		CA5DB5A4249DAB34007381FB /* Build configuration list for PBXNativeTarget "Movies" */ = {
			isa = XCConfigurationList;
			buildConfigurations = (
				CA5DB5A5249DAB34007381FB /* Debug */,
				CA5DB5A6249DAB34007381FB /* Release */,
			);
			defaultConfigurationIsVisible = 0;
			defaultConfigurationName = Release;
		};
/* End XCConfigurationList section */

/* Begin XCVersionGroup section */
		CA5DB594249DAB32007381FB /* Movies.xcdatamodeld */ = {
			isa = XCVersionGroup;
			children = (
				CA5DB595249DAB32007381FB /* Movies.xcdatamodel */,
			);
			currentVersion = CA5DB595249DAB32007381FB /* Movies.xcdatamodel */;
			path = Movies.xcdatamodeld;
			sourceTree = "<group>";
			versionGroupType = wrapper.xcdatamodel;
		};
/* End XCVersionGroup section */
	};
	rootObject = CA5DB585249DAB32007381FB /* Project object */;
}
